Microsoft Visual Studio Solution File, Format Version 10.00
# Visual Studio 2008
Project("{8BC9CEB8-8B4A-11D0-8D11-00A0C91BC942}") = "SoundCloudCAPI", "SoundCloudCAPI.vcproj", "{9A923600-CED3-43D4-AD82-AB08EDF27DE1}"
EndProject
Project("{8BC9CEB8-8B4A-11D0-8D11-00A0C91BC942}") = "test", "test\test.vcproj", "{563E26A5-5A42-4A53-A23F-C93474E1C8A6}"
	ProjectSection(ProjectDependencies) = postProject
		{9A923600-CED3-43D4-AD82-AB08EDF27DE1} = {9A923600-CED3-43D4-AD82-AB08EDF27DE1}
	EndProjectSection
EndProject
Global
	GlobalSection(SolutionConfigurationPlatforms) = preSolution
		Debug_DLL|Win32 = Debug_DLL|Win32
		Debug|Win32 = Debug|Win32
		Release|Win32 = Release|Win32
	EndGlobalSection
	GlobalSection(ProjectConfigurationPlatforms) = postSolution
		{9A923600-CED3-43D4-AD82-AB08EDF27DE1}.Debug_DLL|Win32.ActiveCfg = Debug_DLL|Win32
		{9A923600-CED3-43D4-AD82-AB08EDF27DE1}.Debug_DLL|Win32.Build.0 = Debug_DLL|Win32
		{9A923600-CED3-43D4-AD82-AB08EDF27DE1}.Debug|Win32.ActiveCfg = Debug|Win32
		{9A923600-CED3-43D4-AD82-AB08EDF27DE1}.Debug|Win32.Build.0 = Debug|Win32
		{9A923600-CED3-43D4-AD82-AB08EDF27DE1}.Release|Win32.ActiveCfg = Release|Win32
		{9A923600-CED3-43D4-AD82-AB08EDF27DE1}.Release|Win32.Build.0 = Release|Win32
		{563E26A5-5A42-4A53-A23F-C93474E1C8A6}.Debug_DLL|Win32.ActiveCfg = Debug_DLL|Win32
		{563E26A5-5A42-4A53-A23F-C93474E1C8A6}.Debug_DLL|Win32.Build.0 = Debug_DLL|Win32
		{563E26A5-5A42-4A53-A23F-C93474E1C8A6}.Debug|Win32.ActiveCfg = Debug|Win32
		{563E26A5-5A42-4A53-A23F-C93474E1C8A6}.Debug|Win32.Build.0 = Debug|Win32
		{563E26A5-5A42-4A53-A23F-C93474E1C8A6}.Release|Win32.ActiveCfg = Release|Win32
		{563E26A5-5A42-4A53-A23F-C93474E1C8A6}.Release|Win32.Build.0 = Release|Win32
	EndGlobalSection
	GlobalSection(SolutionProperties) = preSolution
		HideSolutionNode = FALSE
	EndGlobalSection
EndGlobal
